
Microsoft Visual Studio Solution File, Format Version 12.00
# Visual Studio Version 16
VisualStudioVersion = 16.0.31205.134
MinimumVisualStudioVersion = 10.0.40219.1
Project("{FAE04EC0-301F-11D3-BF4B-00C04F79EFBC}") = "MicroParque", "MicroParque\MicroParque.csproj", "{983AEF53-8C30-470A-B7C3-6E4A84766039}"
EndProject
Project("{FAE04EC0-301F-11D3-BF4B-00C04F79EFBC}") = "BLL", "ClassLibrary\BLL.csproj", "{0A641A55-E952-4A4B-8BFC-F00BE3B73FF6}"
EndProject
Project("{FAE04EC0-301F-11D3-BF4B-00C04F79EFBC}") = "DAL", "DAL\DAL.csproj", "{717F4CF2-CAAE-46F7-A79E-D4B86852C175}"
EndProject
Project("{FAE04EC0-301F-11D3-BF4B-00C04F79EFBC}") = "Entity", "Entity\Entity.csproj", "{6CA0E11B-632E-4276-88ED-ACE64B6BBD7D}"
EndProject
Global
	GlobalSection(SolutionConfigurationPlatforms) = preSolution
		Debug|Any CPU = Debug|Any CPU
		Release|Any CPU = Release|Any CPU
	EndGlobalSection
	GlobalSection(ProjectConfigurationPlatforms) = postSolution
		{983AEF53-8C30-470A-B7C3-6E4A84766039}.Debug|Any CPU.ActiveCfg = Debug|Any CPU
		{983AEF53-8C30-470A-B7C3-6E4A84766039}.Debug|Any CPU.Build.0 = Debug|Any CPU
		{983AEF53-8C30-470A-B7C3-6E4A84766039}.Release|Any CPU.ActiveCfg = Release|Any CPU
		{983AEF53-8C30-470A-B7C3-6E4A84766039}.Release|Any CPU.Build.0 = Release|Any CPU
		{0A641A55-E952-4A4B-8BFC-F00BE3B73FF6}.Debug|Any CPU.ActiveCfg = Debug|Any CPU
		{0A641A55-E952-4A4B-8BFC-F00BE3B73FF6}.Debug|Any CPU.Build.0 = Debug|Any CPU
		{0A641A55-E952-4A4B-8BFC-F00BE3B73FF6}.Release|Any CPU.ActiveCfg = Release|Any CPU
		{0A641A55-E952-4A4B-8BFC-F00BE3B73FF6}.Release|Any CPU.Build.0 = Release|Any CPU
		{717F4CF2-CAAE-46F7-A79E-D4B86852C175}.Debug|Any CPU.ActiveCfg = Debug|Any CPU
		{717F4CF2-CAAE-46F7-A79E-D4B86852C175}.Debug|Any CPU.Build.0 = Debug|Any CPU
		{717F4CF2-CAAE-46F7-A79E-D4B86852C175}.Release|Any CPU.ActiveCfg = Release|Any CPU
		{717F4CF2-CAAE-46F7-A79E-D4B86852C175}.Release|Any CPU.Build.0 = Release|Any CPU
		{6CA0E11B-632E-4276-88ED-ACE64B6BBD7D}.Debug|Any CPU.ActiveCfg = Debug|Any CPU
		{6CA0E11B-632E-4276-88ED-ACE64B6BBD7D}.Debug|Any CPU.Build.0 = Debug|Any CPU
		{6CA0E11B-632E-4276-88ED-ACE64B6BBD7D}.Release|Any CPU.ActiveCfg = Release|Any CPU
		{6CA0E11B-632E-4276-88ED-ACE64B6BBD7D}.Release|Any CPU.Build.0 = Release|Any CPU
	EndGlobalSection
	GlobalSection(SolutionProperties) = preSolution
		HideSolutionNode = FALSE
	EndGlobalSection
	GlobalSection(ExtensibilityGlobals) = postSolution
		SolutionGuid = {87A1B658-EEB0-48B7-B56B-7BCF740673F6}
	EndGlobalSection
EndGlobal
